
Microsoft Visual Studio Solution File, Format Version 12.00
Project("{FAE04EC0-301F-11D3-BF4B-00C04F79EFBC}") = "HRM.Api", "HRM.Api\HRM.Api.csproj", "{CC07CA1B-A2A2-4F81-85E2-EF2EE970C91D}"
EndProject
Project("{FAE04EC0-301F-11D3-BF4B-00C04F79EFBC}") = "HRM.Model", "HRM.Model\HRM.Model.csproj", "{AA58F3E7-F09F-4574-A750-87EF377FEF22}"
EndProject
Project("{FAE04EC0-301F-11D3-BF4B-00C04F79EFBC}") = "HRM.Repository", "HRM.Repository\HRM.Repository.csproj", "{4311D8B8-AC62-44ED-BCAC-C4B05AB5E4AF}"
EndProject
Project("{FAE04EC0-301F-11D3-BF4B-00C04F79EFBC}") = "HRM.UnitOfWork", "HRM.UnitOfWork\HRM.UnitOfWork.csproj", "{4B00883F-9CD1-4D17-9C6F-4C60E98B7102}"
EndProject
Project("{FAE04EC0-301F-11D3-BF4B-00C04F79EFBC}") = "HRM.Service", "HRM.Service\HRM.Service.csproj", "{A14F296E-FADC-406D-8FA4-2E377E9042DE}"
EndProject
Project("{FAE04EC0-301F-11D3-BF4B-00C04F79EFBC}") = "HRM.Helper", "HRM.Helper\HRM.Helper.csproj", "{92D78C47-B7A6-436F-B429-8FB6505C7058}"
EndProject
Project("{FAE04EC0-301F-11D3-BF4B-00C04F79EFBC}") = "HRM.Filters", "HRM.Filters\HRM.Filters.csproj", "{B904DA0F-D2D5-4C08-91B1-568AEC2EA9E2}"
EndProject
Global
	GlobalSection(SolutionConfigurationPlatforms) = preSolution
		Debug|Any CPU = Debug|Any CPU
		Release|Any CPU = Release|Any CPU
	EndGlobalSection
	GlobalSection(ProjectConfigurationPlatforms) = postSolution
		{CC07CA1B-A2A2-4F81-85E2-EF2EE970C91D}.Debug|Any CPU.ActiveCfg = Debug|Any CPU
		{CC07CA1B-A2A2-4F81-85E2-EF2EE970C91D}.Debug|Any CPU.Build.0 = Debug|Any CPU
		{CC07CA1B-A2A2-4F81-85E2-EF2EE970C91D}.Release|Any CPU.ActiveCfg = Release|Any CPU
		{CC07CA1B-A2A2-4F81-85E2-EF2EE970C91D}.Release|Any CPU.Build.0 = Release|Any CPU
		{AA58F3E7-F09F-4574-A750-87EF377FEF22}.Debug|Any CPU.ActiveCfg = Debug|Any CPU
		{AA58F3E7-F09F-4574-A750-87EF377FEF22}.Debug|Any CPU.Build.0 = Debug|Any CPU
		{AA58F3E7-F09F-4574-A750-87EF377FEF22}.Release|Any CPU.ActiveCfg = Release|Any CPU
		{AA58F3E7-F09F-4574-A750-87EF377FEF22}.Release|Any CPU.Build.0 = Release|Any CPU
		{4311D8B8-AC62-44ED-BCAC-C4B05AB5E4AF}.Debug|Any CPU.ActiveCfg = Debug|Any CPU
		{4311D8B8-AC62-44ED-BCAC-C4B05AB5E4AF}.Debug|Any CPU.Build.0 = Debug|Any CPU
		{4311D8B8-AC62-44ED-BCAC-C4B05AB5E4AF}.Release|Any CPU.ActiveCfg = Release|Any CPU
		{4311D8B8-AC62-44ED-BCAC-C4B05AB5E4AF}.Release|Any CPU.Build.0 = Release|Any CPU
		{4B00883F-9CD1-4D17-9C6F-4C60E98B7102}.Debug|Any CPU.ActiveCfg = Debug|Any CPU
		{4B00883F-9CD1-4D17-9C6F-4C60E98B7102}.Debug|Any CPU.Build.0 = Debug|Any CPU
		{4B00883F-9CD1-4D17-9C6F-4C60E98B7102}.Release|Any CPU.ActiveCfg = Release|Any CPU
		{4B00883F-9CD1-4D17-9C6F-4C60E98B7102}.Release|Any CPU.Build.0 = Release|Any CPU
		{A14F296E-FADC-406D-8FA4-2E377E9042DE}.Debug|Any CPU.ActiveCfg = Debug|Any CPU
		{A14F296E-FADC-406D-8FA4-2E377E9042DE}.Debug|Any CPU.Build.0 = Debug|Any CPU
		{A14F296E-FADC-406D-8FA4-2E377E9042DE}.Release|Any CPU.ActiveCfg = Release|Any CPU
		{A14F296E-FADC-406D-8FA4-2E377E9042DE}.Release|Any CPU.Build.0 = Release|Any CPU
		{92D78C47-B7A6-436F-B429-8FB6505C7058}.Debug|Any CPU.ActiveCfg = Debug|Any CPU
		{92D78C47-B7A6-436F-B429-8FB6505C7058}.Debug|Any CPU.Build.0 = Debug|Any CPU
		{92D78C47-B7A6-436F-B429-8FB6505C7058}.Release|Any CPU.ActiveCfg = Release|Any CPU
		{92D78C47-B7A6-436F-B429-8FB6505C7058}.Release|Any CPU.Build.0 = Release|Any CPU
		{B904DA0F-D2D5-4C08-91B1-568AEC2EA9E2}.Debug|Any CPU.ActiveCfg = Debug|Any CPU
		{B904DA0F-D2D5-4C08-91B1-568AEC2EA9E2}.Debug|Any CPU.Build.0 = Debug|Any CPU
		{B904DA0F-D2D5-4C08-91B1-568AEC2EA9E2}.Release|Any CPU.ActiveCfg = Release|Any CPU
		{B904DA0F-D2D5-4C08-91B1-568AEC2EA9E2}.Release|Any CPU.Build.0 = Release|Any CPU
	EndGlobalSection
EndGlobal
